// !$*UTF8*$!
{
	archiveVersion = 1;
	classes = {
	};
	objectVersion = 55;
	objects = {

/* Begin PBXBuildFile section */
		4F3E435D27FF9519002D1B79 /* IntervoxHeadlessVulkan.cpp in Sources */ = {isa = PBXBuildFile; fileRef = 4F3E435227FF9519002D1B79 /* IntervoxHeadlessVulkan.cpp */; };
		4F3E435E27FF9519002D1B79 /* IntervoxHeadlessVulkan.hpp in Headers */ = {isa = PBXBuildFile; fileRef = 4F3E435427FF9519002D1B79 /* IntervoxHeadlessVulkan.hpp */; };
		4F3E436027FF9519002D1B79 /* GLMain.cpp in Sources */ = {isa = PBXBuildFile; fileRef = 4F3E435627FF9519002D1B79 /* GLMain.cpp */; };
		4F3E436227FF9519002D1B79 /* JNICommon.cpp in Sources */ = {isa = PBXBuildFile; fileRef = 4F3E435727FF9519002D1B79 /* JNICommon.cpp */; };
		4F3E437727FF9570002D1B79 /* VulkanDebug.h in Headers */ = {isa = PBXBuildFile; fileRef = 4F3E436927FF9570002D1B79 /* VulkanDebug.h */; };
		4F3E437827FF9570002D1B79 /* vulkanexamplebase.h in Headers */ = {isa = PBXBuildFile; fileRef = 4F3E436A27FF9570002D1B79 /* vulkanexamplebase.h */; };
		4F3E437A27FF9570002D1B79 /* VulkanDevice.cpp in Sources */ = {isa = PBXBuildFile; fileRef = 4F3E436B27FF9570002D1B79 /* VulkanDevice.cpp */; };
		4F3E437B27FF9570002D1B79 /* VulkanBuffer.h in Headers */ = {isa = PBXBuildFile; fileRef = 4F3E436C27FF9570002D1B79 /* VulkanBuffer.h */; };
		4F3E437D27FF9570002D1B79 /* VulkanDebug.cpp in Sources */ = {isa = PBXBuildFile; fileRef = 4F3E436D27FF9570002D1B79 /* VulkanDebug.cpp */; };
		4F3E437E27FF9570002D1B79 /* camera.hpp in Headers */ = {isa = PBXBuildFile; fileRef = 4F3E436E27FF9570002D1B79 /* camera.hpp */; };
		4F3E437F27FF9570002D1B79 /* VulkanTools.h in Headers */ = {isa = PBXBuildFile; fileRef = 4F3E436F27FF9570002D1B79 /* VulkanTools.h */; };
		4F3E438127FF9570002D1B79 /* VulkanBuffer.cpp in Sources */ = {isa = PBXBuildFile; fileRef = 4F3E437027FF9570002D1B79 /* VulkanBuffer.cpp */; };
		4F3E438227FF9570002D1B79 /* VulkanDevice.h in Headers */ = {isa = PBXBuildFile; fileRef = 4F3E437127FF9570002D1B79 /* VulkanDevice.h */; };
		4F3E438427FF9570002D1B79 /* VulkanTools.cpp in Sources */ = {isa = PBXBuildFile; fileRef = 4F3E437227FF9570002D1B79 /* VulkanTools.cpp */; };
		4F3E438627FF9570002D1B79 /* vulkanexamplebase.cpp in Sources */ = {isa = PBXBuildFile; fileRef = 4F3E437327FF9570002D1B79 /* vulkanexamplebase.cpp */; };
		4F3E438727FF9570002D1B79 /* keycodes.hpp in Headers */ = {isa = PBXBuildFile; fileRef = 4F3E437427FF9570002D1B79 /* keycodes.hpp */; };
		4F3E438827FF9570002D1B79 /* benchmark.hpp in Headers */ = {isa = PBXBuildFile; fileRef = 4F3E437527FF9570002D1B79 /* benchmark.hpp */; };
		4F3E438927FF9570002D1B79 /* VulkanInitializers.hpp in Headers */ = {isa = PBXBuildFile; fileRef = 4F3E437627FF9570002D1B79 /* VulkanInitializers.hpp */; };
		4F3E439327FF95E2002D1B79 /* VulkanMesh.cpp in Sources */ = {isa = PBXBuildFile; fileRef = 4F3E438B27FF95E1002D1B79 /* VulkanMesh.cpp */; };
		4F3E439527FF95E2002D1B79 /* VulkanMeshPipeline.cpp in Sources */ = {isa = PBXBuildFile; fileRef = 4F3E438C27FF95E2002D1B79 /* VulkanMeshPipeline.cpp */; };
		4F3E439727FF95E2002D1B79 /* VulkanContext.cpp in Sources */ = {isa = PBXBuildFile; fileRef = 4F3E438D27FF95E2002D1B79 /* VulkanContext.cpp */; };
		4F3E439827FF95E2002D1B79 /* VulkanMeshPipeline.hpp in Headers */ = {isa = PBXBuildFile; fileRef = 4F3E438E27FF95E2002D1B79 /* VulkanMeshPipeline.hpp */; };
		4F3E439927FF95E2002D1B79 /* VulkanContext.hpp in Headers */ = {isa = PBXBuildFile; fileRef = 4F3E438F27FF95E2002D1B79 /* VulkanContext.hpp */; };
		4F3E439A27FF95E2002D1B79 /* VulkanMesh.hpp in Headers */ = {isa = PBXBuildFile; fileRef = 4F3E439027FF95E2002D1B79 /* VulkanMesh.hpp */; };
		4F3E439B27FF95E2002D1B79 /* VulkanPipeline.hpp in Headers */ = {isa = PBXBuildFile; fileRef = 4F3E439127FF95E2002D1B79 /* VulkanPipeline.hpp */; };
		4F3E43BE27FF963E002D1B79 /* C3DFloatPoint.cpp in Sources */ = {isa = PBXBuildFile; fileRef = 4F3E43A327FF963E002D1B79 /* C3DFloatPoint.cpp */; };
		4F3E43BF27FF963E002D1B79 /* CTriangle.h in Headers */ = {isa = PBXBuildFile; fileRef = 4F3E43A427FF963E002D1B79 /* CTriangle.h */; };
		4F3E43C027FF963E002D1B79 /* CJavaArrSlicesSet.h in Headers */ = {isa = PBXBuildFile; fileRef = 4F3E43A527FF963E002D1B79 /* CJavaArrSlicesSet.h */; };
		4F3E43C227FF963E002D1B79 /* CTempMemPointer.cpp in Sources */ = {isa = PBXBuildFile; fileRef = 4F3E43A627FF963E002D1B79 /* CTempMemPointer.cpp */; };
		4F3E43C327FF963E002D1B79 /* CFacetLookup.h in Headers */ = {isa = PBXBuildFile; fileRef = 4F3E43A727FF963E002D1B79 /* CFacetLookup.h */; };
		4F3E43C427FF963E002D1B79 /* CTempMemPointer.h in Headers */ = {isa = PBXBuildFile; fileRef = 4F3E43A827FF963E002D1B79 /* CTempMemPointer.h */; };
		4F3E43C527FF963E002D1B79 /* CTriangleList.h in Headers */ = {isa = PBXBuildFile; fileRef = 4F3E43A927FF963E002D1B79 /* CTriangleList.h */; };
		4F3E43C627FF963E002D1B79 /* CVertex.h in Headers */ = {isa = PBXBuildFile; fileRef = 4F3E43AA27FF963E002D1B79 /* CVertex.h */; };
		4F3E43C827FF963E002D1B79 /* CFacetLookup.cpp in Sources */ = {isa = PBXBuildFile; fileRef = 4F3E43AB27FF963E002D1B79 /* CFacetLookup.cpp */; };
		4F3E43CA27FF963E002D1B79 /* C3DPoint.cpp in Sources */ = {isa = PBXBuildFile; fileRef = 4F3E43AC27FF963E002D1B79 /* C3DPoint.cpp */; };
		4F3E43CB27FF963E002D1B79 /* C3DFloatPoint.h in Headers */ = {isa = PBXBuildFile; fileRef = 4F3E43AD27FF963E002D1B79 /* C3DFloatPoint.h */; };
		4F3E43CC27FF963E002D1B79 /* CMySortedList.h in Headers */ = {isa = PBXBuildFile; fileRef = 4F3E43AE27FF963E002D1B79 /* CMySortedList.h */; };
		4F3E43CE27FF963E002D1B79 /* CSlicesSet.cpp in Sources */ = {isa = PBXBuildFile; fileRef = 4F3E43AF27FF963E002D1B79 /* CSlicesSet.cpp */; };
		4F3E43CF27FF963E002D1B79 /* CCubeMarcher.h in Headers */ = {isa = PBXBuildFile; fileRef = 4F3E43B027FF963E002D1B79 /* CCubeMarcher.h */; };
		4F3E43D027FF963E002D1B79 /* CMyError.h in Headers */ = {isa = PBXBuildFile; fileRef = 4F3E43B127FF963E002D1B79 /* CMyError.h */; };
		4F3E43D227FF963E002D1B79 /* CTriangle.cpp in Sources */ = {isa = PBXBuildFile; fileRef = 4F3E43B227FF963E002D1B79 /* CTriangle.cpp */; };
		4F3E43D327FF963E002D1B79 /* CVertexList.h in Headers */ = {isa = PBXBuildFile; fileRef = 4F3E43B327FF963E002D1B79 /* CVertexList.h */; };
		4F3E43D527FF963E002D1B79 /* CVertex.cpp in Sources */ = {isa = PBXBuildFile; fileRef = 4F3E43B427FF963E002D1B79 /* CVertex.cpp */; };
		4F3E43D727FF963E002D1B79 /* CJavaArrSlicesSet.cpp in Sources */ = {isa = PBXBuildFile; fileRef = 4F3E43B527FF963E002D1B79 /* CJavaArrSlicesSet.cpp */; };
		4F3E43D927FF963E002D1B79 /* CVertexList.cpp in Sources */ = {isa = PBXBuildFile; fileRef = 4F3E43B627FF963E002D1B79 /* CVertexList.cpp */; };
		4F3E43DB27FF963E002D1B79 /* CTriangleList.cpp in Sources */ = {isa = PBXBuildFile; fileRef = 4F3E43B727FF963E002D1B79 /* CTriangleList.cpp */; };
		4F3E43DD27FF963E002D1B79 /* CMyError.cpp in Sources */ = {isa = PBXBuildFile; fileRef = 4F3E43B827FF963E002D1B79 /* CMyError.cpp */; };
		4F3E43DE27FF963E002D1B79 /* C3DPoint.h in Headers */ = {isa = PBXBuildFile; fileRef = 4F3E43B927FF963E002D1B79 /* C3DPoint.h */; };
		4F3E43E027FF963E002D1B79 /* CCubeMarcher.cpp in Sources */ = {isa = PBXBuildFile; fileRef = 4F3E43BA27FF963E002D1B79 /* CCubeMarcher.cpp */; };
		4F3E43E227FF963E002D1B79 /* CMySortedList.cpp in Sources */ = {isa = PBXBuildFile; fileRef = 4F3E43BB27FF963E002D1B79 /* CMySortedList.cpp */; };
		4F3E43E327FF963E002D1B79 /* CSlicesSet.h in Headers */ = {isa = PBXBuildFile; fileRef = 4F3E43BC27FF963E002D1B79 /* CSlicesSet.h */; };
/* End PBXBuildFile section */

/* Begin PBXFileReference section */
		4F3E435027FF94CA002D1B79 /* com_brazedblue_intervox_view3D_OpenGLJNI.h */ = {isa = PBXFileReference; fileEncoding = 4; lastKnownFileType = sourcecode.c.h; path = com_brazedblue_intervox_view3D_OpenGLJNI.h; sourceTree = "<group>"; };
		4F3E435127FF9519002D1B79 /* NativeOpenGL.h */ = {isa = PBXFileReference; fileEncoding = 4; lastKnownFileType = sourcecode.c.h; path = NativeOpenGL.h; sourceTree = "<group>"; };
		4F3E435227FF9519002D1B79 /* IntervoxHeadlessVulkan.cpp */ = {isa = PBXFileReference; fileEncoding = 4; lastKnownFileType = sourcecode.cpp.cpp; path = IntervoxHeadlessVulkan.cpp; sourceTree = "<group>"; };
		4F3E435327FF9519002D1B79 /* headless_debug.xcconfig */ = {isa = PBXFileReference; fileEncoding = 4; lastKnownFileType = text.xcconfig; path = headless_debug.xcconfig; sourceTree = "<group>"; };
		4F3E435427FF9519002D1B79 /* IntervoxHeadlessVulkan.hpp */ = {isa = PBXFileReference; fileEncoding = 4; lastKnownFileType = sourcecode.cpp.h; path = IntervoxHeadlessVulkan.hpp; sourceTree = "<group>"; };
		4F3E435527FF9519002D1B79 /* IntervoxLib.entitlements */ = {isa = PBXFileReference; fileEncoding = 4; lastKnownFileType = text.plist.entitlements; path = IntervoxLib.entitlements; sourceTree = "<group>"; };
		4F3E435627FF9519002D1B79 /* GLMain.cpp */ = {isa = PBXFileReference; fileEncoding = 4; lastKnownFileType = sourcecode.cpp.cpp; path = GLMain.cpp; sourceTree = "<group>"; };
		4F3E435727FF9519002D1B79 /* JNICommon.cpp */ = {isa = PBXFileReference; fileEncoding = 4; lastKnownFileType = sourcecode.cpp.cpp; path = JNICommon.cpp; sourceTree = "<group>"; };
		4F3E435827FF9519002D1B79 /* renderheadless_objc.mm */ = {isa = PBXFileReference; fileEncoding = 4; lastKnownFileType = sourcecode.cpp.objcpp; path = renderheadless_objc.mm; sourceTree = "<group>"; };
		4F3E435927FF9519002D1B79 /* JNICommon.h */ = {isa = PBXFileReference; fileEncoding = 4; lastKnownFileType = sourcecode.c.h; path = JNICommon.h; sourceTree = "<group>"; };
		4F3E435A27FF9519002D1B79 /* renderheadless.cpp */ = {isa = PBXFileReference; fileEncoding = 4; lastKnownFileType = sourcecode.cpp.cpp; path = renderheadless.cpp; sourceTree = "<group>"; };
		4F3E436927FF9570002D1B79 /* VulkanDebug.h */ = {isa = PBXFileReference; fileEncoding = 4; lastKnownFileType = sourcecode.c.h; name = VulkanDebug.h; path = base/VulkanDebug.h; sourceTree = "<group>"; };
		4F3E436A27FF9570002D1B79 /* vulkanexamplebase.h */ = {isa = PBXFileReference; fileEncoding = 4; lastKnownFileType = sourcecode.c.h; name = vulkanexamplebase.h; path = base/vulkanexamplebase.h; sourceTree = "<group>"; };
		4F3E436B27FF9570002D1B79 /* VulkanDevice.cpp */ = {isa = PBXFileReference; fileEncoding = 4; lastKnownFileType = sourcecode.cpp.cpp; name = VulkanDevice.cpp; path = base/VulkanDevice.cpp; sourceTree = "<group>"; };
		4F3E436C27FF9570002D1B79 /* VulkanBuffer.h */ = {isa = PBXFileReference; fileEncoding = 4; lastKnownFileType = sourcecode.c.h; name = VulkanBuffer.h; path = base/VulkanBuffer.h; sourceTree = "<group>"; };
		4F3E436D27FF9570002D1B79 /* VulkanDebug.cpp */ = {isa = PBXFileReference; fileEncoding = 4; lastKnownFileType = sourcecode.cpp.cpp; name = VulkanDebug.cpp; path = base/VulkanDebug.cpp; sourceTree = "<group>"; };
		4F3E436E27FF9570002D1B79 /* camera.hpp */ = {isa = PBXFileReference; fileEncoding = 4; lastKnownFileType = sourcecode.cpp.h; name = camera.hpp; path = base/camera.hpp; sourceTree = "<group>"; };
		4F3E436F27FF9570002D1B79 /* VulkanTools.h */ = {isa = PBXFileReference; fileEncoding = 4; lastKnownFileType = sourcecode.c.h; name = VulkanTools.h; path = base/VulkanTools.h; sourceTree = "<group>"; };
		4F3E437027FF9570002D1B79 /* VulkanBuffer.cpp */ = {isa = PBXFileReference; fileEncoding = 4; lastKnownFileType = sourcecode.cpp.cpp; name = VulkanBuffer.cpp; path = base/VulkanBuffer.cpp; sourceTree = "<group>"; };
		4F3E437127FF9570002D1B79 /* VulkanDevice.h */ = {isa = PBXFileReference; fileEncoding = 4; lastKnownFileType = sourcecode.c.h; name = VulkanDevice.h; path = base/VulkanDevice.h; sourceTree = "<group>"; };
		4F3E437227FF9570002D1B79 /* VulkanTools.cpp */ = {isa = PBXFileReference; fileEncoding = 4; lastKnownFileType = sourcecode.cpp.cpp; name = VulkanTools.cpp; path = base/VulkanTools.cpp; sourceTree = "<group>"; };
		4F3E437327FF9570002D1B79 /* vulkanexamplebase.cpp */ = {isa = PBXFileReference; fileEncoding = 4; lastKnownFileType = sourcecode.cpp.cpp; name = vulkanexamplebase.cpp; path = base/vulkanexamplebase.cpp; sourceTree = "<group>"; };
		4F3E437427FF9570002D1B79 /* keycodes.hpp */ = {isa = PBXFileReference; fileEncoding = 4; lastKnownFileType = sourcecode.cpp.h; name = keycodes.hpp; path = base/keycodes.hpp; sourceTree = "<group>"; };
		4F3E437527FF9570002D1B79 /* benchmark.hpp */ = {isa = PBXFileReference; fileEncoding = 4; lastKnownFileType = sourcecode.cpp.h; name = benchmark.hpp; path = base/benchmark.hpp; sourceTree = "<group>"; };
		4F3E437627FF9570002D1B79 /* VulkanInitializers.hpp */ = {isa = PBXFileReference; fileEncoding = 4; lastKnownFileType = sourcecode.cpp.h; name = VulkanInitializers.hpp; path = base/VulkanInitializers.hpp; sourceTree = "<group>"; };
		4F3E438B27FF95E1002D1B79 /* VulkanMesh.cpp */ = {isa = PBXFileReference; fileEncoding = 4; lastKnownFileType = sourcecode.cpp.cpp; name = VulkanMesh.cpp; path = extensions/VulkanMesh.cpp; sourceTree = "<group>"; };
		4F3E438C27FF95E2002D1B79 /* VulkanMeshPipeline.cpp */ = {isa = PBXFileReference; fileEncoding = 4; lastKnownFileType = sourcecode.cpp.cpp; name = VulkanMeshPipeline.cpp; path = extensions/VulkanMeshPipeline.cpp; sourceTree = "<group>"; };
		4F3E438D27FF95E2002D1B79 /* VulkanContext.cpp */ = {isa = PBXFileReference; fileEncoding = 4; lastKnownFileType = sourcecode.cpp.cpp; name = VulkanContext.cpp; path = extensions/VulkanContext.cpp; sourceTree = "<group>"; };
		4F3E438E27FF95E2002D1B79 /* VulkanMeshPipeline.hpp */ = {isa = PBXFileReference; fileEncoding = 4; lastKnownFileType = sourcecode.cpp.h; name = VulkanMeshPipeline.hpp; path = extensions/VulkanMeshPipeline.hpp; sourceTree = "<group>"; };
		4F3E438F27FF95E2002D1B79 /* VulkanContext.hpp */ = {isa = PBXFileReference; fileEncoding = 4; lastKnownFileType = sourcecode.cpp.h; name = VulkanContext.hpp; path = extensions/VulkanContext.hpp; sourceTree = "<group>"; };
		4F3E439027FF95E2002D1B79 /* VulkanMesh.hpp */ = {isa = PBXFileReference; fileEncoding = 4; lastKnownFileType = sourcecode.cpp.h; name = VulkanMesh.hpp; path = extensions/VulkanMesh.hpp; sourceTree = "<group>"; };
		4F3E439127FF95E2002D1B79 /* VulkanPipeline.hpp */ = {isa = PBXFileReference; fileEncoding = 4; lastKnownFileType = sourcecode.cpp.h; name = VulkanPipeline.hpp; path = extensions/VulkanPipeline.hpp; sourceTree = "<group>"; };
		4F3E43A327FF963E002D1B79 /* C3DFloatPoint.cpp */ = {isa = PBXFileReference; fileEncoding = 4; lastKnownFileType = sourcecode.cpp.cpp; name = C3DFloatPoint.cpp; path = utility/C3DFloatPoint.cpp; sourceTree = "<group>"; };
		4F3E43A427FF963E002D1B79 /* CTriangle.h */ = {isa = PBXFileReference; fileEncoding = 4; lastKnownFileType = sourcecode.c.h; name = CTriangle.h; path = utility/CTriangle.h; sourceTree = "<group>"; };
		4F3E43A527FF963E002D1B79 /* CJavaArrSlicesSet.h */ = {isa = PBXFileReference; fileEncoding = 4; lastKnownFileType = sourcecode.c.h; name = CJavaArrSlicesSet.h; path = utility/CJavaArrSlicesSet.h; sourceTree = "<group>"; };
		4F3E43A627FF963E002D1B79 /* CTempMemPointer.cpp */ = {isa = PBXFileReference; fileEncoding = 4; lastKnownFileType = sourcecode.cpp.cpp; name = CTempMemPointer.cpp; path = utility/CTempMemPointer.cpp; sourceTree = "<group>"; };
		4F3E43A727FF963E002D1B79 /* CFacetLookup.h */ = {isa = PBXFileReference; fileEncoding = 4; lastKnownFileType = sourcecode.c.h; name = CFacetLookup.h; path = utility/CFacetLookup.h; sourceTree = "<group>"; };
		4F3E43A827FF963E002D1B79 /* CTempMemPointer.h */ = {isa = PBXFileReference; fileEncoding = 4; lastKnownFileType = sourcecode.c.h; name = CTempMemPointer.h; path = utility/CTempMemPointer.h; sourceTree = "<group>"; };
		4F3E43A927FF963E002D1B79 /* CTriangleList.h */ = {isa = PBXFileReference; fileEncoding = 4; lastKnownFileType = sourcecode.c.h; name = CTriangleList.h; path = utility/CTriangleList.h; sourceTree = "<group>"; };
		4F3E43AA27FF963E002D1B79 /* CVertex.h */ = {isa = PBXFileReference; fileEncoding = 4; lastKnownFileType = sourcecode.c.h; name = CVertex.h; path = utility/CVertex.h; sourceTree = "<group>"; };
		4F3E43AB27FF963E002D1B79 /* CFacetLookup.cpp */ = {isa = PBXFileReference; fileEncoding = 4; lastKnownFileType = sourcecode.cpp.cpp; name = CFacetLookup.cpp; path = utility/CFacetLookup.cpp; sourceTree = "<group>"; };
		4F3E43AC27FF963E002D1B79 /* C3DPoint.cpp */ = {isa = PBXFileReference; fileEncoding = 4; lastKnownFileType = sourcecode.cpp.cpp; name = C3DPoint.cpp; path = utility/C3DPoint.cpp; sourceTree = "<group>"; };
		4F3E43AD27FF963E002D1B79 /* C3DFloatPoint.h */ = {isa = PBXFileReference; fileEncoding = 4; lastKnownFileType = sourcecode.c.h; name = C3DFloatPoint.h; path = utility/C3DFloatPoint.h; sourceTree = "<group>"; };
		4F3E43AE27FF963E002D1B79 /* CMySortedList.h */ = {isa = PBXFileReference; fileEncoding = 4; lastKnownFileType = sourcecode.c.h; name = CMySortedList.h; path = utility/CMySortedList.h; sourceTree = "<group>"; };
		4F3E43AF27FF963E002D1B79 /* CSlicesSet.cpp */ = {isa = PBXFileReference; fileEncoding = 4; lastKnownFileType = sourcecode.cpp.cpp; name = CSlicesSet.cpp; path = utility/CSlicesSet.cpp; sourceTree = "<group>"; };
		4F3E43B027FF963E002D1B79 /* CCubeMarcher.h */ = {isa = PBXFileReference; fileEncoding = 4; lastKnownFileType = sourcecode.c.h; name = CCubeMarcher.h; path = utility/CCubeMarcher.h; sourceTree = "<group>"; };
		4F3E43B127FF963E002D1B79 /* CMyError.h */ = {isa = PBXFileReference; fileEncoding = 4; lastKnownFileType = sourcecode.c.h; name = CMyError.h; path = utility/CMyError.h; sourceTree = "<group>"; };
		4F3E43B227FF963E002D1B79 /* CTriangle.cpp */ = {isa = PBXFileReference; fileEncoding = 4; lastKnownFileType = sourcecode.cpp.cpp; name = CTriangle.cpp; path = utility/CTriangle.cpp; sourceTree = "<group>"; };
		4F3E43B327FF963E002D1B79 /* CVertexList.h */ = {isa = PBXFileReference; fileEncoding = 4; lastKnownFileType = sourcecode.c.h; name = CVertexList.h; path = utility/CVertexList.h; sourceTree = "<group>"; };
		4F3E43B427FF963E002D1B79 /* CVertex.cpp */ = {isa = PBXFileReference; fileEncoding = 4; lastKnownFileType = sourcecode.cpp.cpp; name = CVertex.cpp; path = utility/CVertex.cpp; sourceTree = "<group>"; };
		4F3E43B527FF963E002D1B79 /* CJavaArrSlicesSet.cpp */ = {isa = PBXFileReference; fileEncoding = 4; lastKnownFileType = sourcecode.cpp.cpp; name = CJavaArrSlicesSet.cpp; path = utility/CJavaArrSlicesSet.cpp; sourceTree = "<group>"; };
		4F3E43B627FF963E002D1B79 /* CVertexList.cpp */ = {isa = PBXFileReference; fileEncoding = 4; lastKnownFileType = sourcecode.cpp.cpp; name = CVertexList.cpp; path = utility/CVertexList.cpp; sourceTree = "<group>"; };
		4F3E43B727FF963E002D1B79 /* CTriangleList.cpp */ = {isa = PBXFileReference; fileEncoding = 4; lastKnownFileType = sourcecode.cpp.cpp; name = CTriangleList.cpp; path = utility/CTriangleList.cpp; sourceTree = "<group>"; };
		4F3E43B827FF963E002D1B79 /* CMyError.cpp */ = {isa = PBXFileReference; fileEncoding = 4; lastKnownFileType = sourcecode.cpp.cpp; name = CMyError.cpp; path = utility/CMyError.cpp; sourceTree = "<group>"; };
		4F3E43B927FF963E002D1B79 /* C3DPoint.h */ = {isa = PBXFileReference; fileEncoding = 4; lastKnownFileType = sourcecode.c.h; name = C3DPoint.h; path = utility/C3DPoint.h; sourceTree = "<group>"; };
		4F3E43BA27FF963E002D1B79 /* CCubeMarcher.cpp */ = {isa = PBXFileReference; fileEncoding = 4; lastKnownFileType = sourcecode.cpp.cpp; name = CCubeMarcher.cpp; path = utility/CCubeMarcher.cpp; sourceTree = "<group>"; };
		4F3E43BB27FF963E002D1B79 /* CMySortedList.cpp */ = {isa = PBXFileReference; fileEncoding = 4; lastKnownFileType = sourcecode.cpp.cpp; name = CMySortedList.cpp; path = utility/CMySortedList.cpp; sourceTree = "<group>"; };
		4F3E43BC27FF963E002D1B79 /* CSlicesSet.h */ = {isa = PBXFileReference; fileEncoding = 4; lastKnownFileType = sourcecode.c.h; name = CSlicesSet.h; path = utility/CSlicesSet.h; sourceTree = "<group>"; };
		4F3E43E427FF965C002D1B79 /* conanbuildinfo.xcconfig */ = {isa = PBXFileReference; fileEncoding = 4; lastKnownFileType = text.xcconfig; path = conanbuildinfo.xcconfig; sourceTree = "<group>"; };
		4F7B17C8274848F7008892C2 /* libIntervox.dylib */ = {isa = PBXFileReference; explicitFileType = "compiled.mach-o.dylib"; includeInIndex = 0; path = libIntervox.dylib; sourceTree = BUILT_PRODUCTS_DIR; };
/* End PBXFileReference section */

/* Begin PBXFrameworksBuildPhase section */
		4F7B17C6274848F7008892C2 /* Frameworks */ = {
			isa = PBXFrameworksBuildPhase;
			buildActionMask = 2147483647;
			files = (
			);
			runOnlyForDeploymentPostprocessing = 0;
		};
/* End PBXFrameworksBuildPhase section */

/* Begin PBXGroup section */
		4F2F88202745713E00C363E4 /* Frameworks */ = {
			isa = PBXGroup;
			children = (
			);
			name = Frameworks;
			sourceTree = "<group>";
		};
		4F3E434F27FF94A9002D1B79 /* src */ = {
			isa = PBXGroup;
			children = (
				4F3E43E427FF965C002D1B79 /* conanbuildinfo.xcconfig */,
				4F3E43A227FF961D002D1B79 /* utility */,
				4F3E438A27FF95CD002D1B79 /* extensions */,
				4F3E436827FF9558002D1B79 /* base */,
				4F3E435627FF9519002D1B79 /* GLMain.cpp */,
				4F3E435327FF9519002D1B79 /* headless_debug.xcconfig */,
				4F3E435227FF9519002D1B79 /* IntervoxHeadlessVulkan.cpp */,
				4F3E435427FF9519002D1B79 /* IntervoxHeadlessVulkan.hpp */,
				4F3E435527FF9519002D1B79 /* IntervoxLib.entitlements */,
				4F3E435727FF9519002D1B79 /* JNICommon.cpp */,
				4F3E435927FF9519002D1B79 /* JNICommon.h */,
				4F3E435127FF9519002D1B79 /* NativeOpenGL.h */,
				4F3E435827FF9519002D1B79 /* renderheadless_objc.mm */,
				4F3E435A27FF9519002D1B79 /* renderheadless.cpp */,
				4F3E435027FF94CA002D1B79 /* com_brazedblue_intervox_view3D_OpenGLJNI.h */,
			);
			name = src;
			sourceTree = "<group>";
		};
		4F3E436827FF9558002D1B79 /* base */ = {
			isa = PBXGroup;
			children = (
				4F3E437527FF9570002D1B79 /* benchmark.hpp */,
				4F3E436E27FF9570002D1B79 /* camera.hpp */,
				4F3E437427FF9570002D1B79 /* keycodes.hpp */,
				4F3E437027FF9570002D1B79 /* VulkanBuffer.cpp */,
				4F3E436C27FF9570002D1B79 /* VulkanBuffer.h */,
				4F3E436D27FF9570002D1B79 /* VulkanDebug.cpp */,
				4F3E436927FF9570002D1B79 /* VulkanDebug.h */,
				4F3E436B27FF9570002D1B79 /* VulkanDevice.cpp */,
				4F3E437127FF9570002D1B79 /* VulkanDevice.h */,
				4F3E437327FF9570002D1B79 /* vulkanexamplebase.cpp */,
				4F3E436A27FF9570002D1B79 /* vulkanexamplebase.h */,
				4F3E437627FF9570002D1B79 /* VulkanInitializers.hpp */,
				4F3E437227FF9570002D1B79 /* VulkanTools.cpp */,
				4F3E436F27FF9570002D1B79 /* VulkanTools.h */,
			);
			name = base;
			sourceTree = "<group>";
		};
		4F3E438A27FF95CD002D1B79 /* extensions */ = {
			isa = PBXGroup;
			children = (
				4F3E438D27FF95E2002D1B79 /* VulkanContext.cpp */,
				4F3E438F27FF95E2002D1B79 /* VulkanContext.hpp */,
				4F3E438B27FF95E1002D1B79 /* VulkanMesh.cpp */,
				4F3E439027FF95E2002D1B79 /* VulkanMesh.hpp */,
				4F3E438C27FF95E2002D1B79 /* VulkanMeshPipeline.cpp */,
				4F3E438E27FF95E2002D1B79 /* VulkanMeshPipeline.hpp */,
				4F3E439127FF95E2002D1B79 /* VulkanPipeline.hpp */,
			);
			name = extensions;
			sourceTree = "<group>";
		};
		4F3E43A227FF961D002D1B79 /* utility */ = {
			isa = PBXGroup;
			children = (
				4F3E43A327FF963E002D1B79 /* C3DFloatPoint.cpp */,
				4F3E43AD27FF963E002D1B79 /* C3DFloatPoint.h */,
				4F3E43AC27FF963E002D1B79 /* C3DPoint.cpp */,
				4F3E43B927FF963E002D1B79 /* C3DPoint.h */,
				4F3E43BA27FF963E002D1B79 /* CCubeMarcher.cpp */,
				4F3E43B027FF963E002D1B79 /* CCubeMarcher.h */,
				4F3E43AB27FF963E002D1B79 /* CFacetLookup.cpp */,
				4F3E43A727FF963E002D1B79 /* CFacetLookup.h */,
				4F3E43B527FF963E002D1B79 /* CJavaArrSlicesSet.cpp */,
				4F3E43A527FF963E002D1B79 /* CJavaArrSlicesSet.h */,
				4F3E43B827FF963E002D1B79 /* CMyError.cpp */,
				4F3E43B127FF963E002D1B79 /* CMyError.h */,
				4F3E43BB27FF963E002D1B79 /* CMySortedList.cpp */,
				4F3E43AE27FF963E002D1B79 /* CMySortedList.h */,
				4F3E43AF27FF963E002D1B79 /* CSlicesSet.cpp */,
				4F3E43BC27FF963E002D1B79 /* CSlicesSet.h */,
				4F3E43A627FF963E002D1B79 /* CTempMemPointer.cpp */,
				4F3E43A827FF963E002D1B79 /* CTempMemPointer.h */,
				4F3E43B227FF963E002D1B79 /* CTriangle.cpp */,
				4F3E43A427FF963E002D1B79 /* CTriangle.h */,
				4F3E43B727FF963E002D1B79 /* CTriangleList.cpp */,
				4F3E43A927FF963E002D1B79 /* CTriangleList.h */,
				4F3E43B427FF963E002D1B79 /* CVertex.cpp */,
				4F3E43AA27FF963E002D1B79 /* CVertex.h */,
				4F3E43B627FF963E002D1B79 /* CVertexList.cpp */,
				4F3E43B327FF963E002D1B79 /* CVertexList.h */,
			);
			name = utility;
			sourceTree = "<group>";
		};
		4F5E1EAC272F1917004C6AA4 = {
			isa = PBXGroup;
			children = (
				4F3E434F27FF94A9002D1B79 /* src */,
				4F5E1EB6272F1917004C6AA4 /* Products */,
				4F2F88202745713E00C363E4 /* Frameworks */,
			);
			sourceTree = "<group>";
		};
		4F5E1EB6272F1917004C6AA4 /* Products */ = {
			isa = PBXGroup;
			children = (
				4F7B17C8274848F7008892C2 /* libIntervox.dylib */,
			);
			name = Products;
			sourceTree = "<group>";
		};
/* End PBXGroup section */

/* Begin PBXHeadersBuildPhase section */
		4F7B17C4274848F7008892C2 /* Headers */ = {
			isa = PBXHeadersBuildPhase;
			buildActionMask = 2147483647;
			files = (
				4F3E43CC27FF963E002D1B79 /* CMySortedList.h in Headers */,
				4F3E437827FF9570002D1B79 /* vulkanexamplebase.h in Headers */,
				4F3E43CB27FF963E002D1B79 /* C3DFloatPoint.h in Headers */,
				4F3E438727FF9570002D1B79 /* keycodes.hpp in Headers */,
				4F3E43C627FF963E002D1B79 /* CVertex.h in Headers */,
				4F3E435E27FF9519002D1B79 /* IntervoxHeadlessVulkan.hpp in Headers */,
				4F3E438227FF9570002D1B79 /* VulkanDevice.h in Headers */,
				4F3E43E327FF963E002D1B79 /* CSlicesSet.h in Headers */,
				4F3E43CF27FF963E002D1B79 /* CCubeMarcher.h in Headers */,
				4F3E43D027FF963E002D1B79 /* CMyError.h in Headers */,
				4F3E437727FF9570002D1B79 /* VulkanDebug.h in Headers */,
				4F3E43DE27FF963E002D1B79 /* C3DPoint.h in Headers */,
				4F3E439A27FF95E2002D1B79 /* VulkanMesh.hpp in Headers */,
				4F3E439927FF95E2002D1B79 /* VulkanContext.hpp in Headers */,
				4F3E43C427FF963E002D1B79 /* CTempMemPointer.h in Headers */,
				4F3E437F27FF9570002D1B79 /* VulkanTools.h in Headers */,
				4F3E438827FF9570002D1B79 /* benchmark.hpp in Headers */,
				4F3E43BF27FF963E002D1B79 /* CTriangle.h in Headers */,
				4F3E439827FF95E2002D1B79 /* VulkanMeshPipeline.hpp in Headers */,
				4F3E43C327FF963E002D1B79 /* CFacetLookup.h in Headers */,
				4F3E437B27FF9570002D1B79 /* VulkanBuffer.h in Headers */,
				4F3E43D327FF963E002D1B79 /* CVertexList.h in Headers */,
				4F3E438927FF9570002D1B79 /* VulkanInitializers.hpp in Headers */,
				4F3E43C027FF963E002D1B79 /* CJavaArrSlicesSet.h in Headers */,
				4F3E437E27FF9570002D1B79 /* camera.hpp in Headers */,
				4F3E43C527FF963E002D1B79 /* CTriangleList.h in Headers */,
				4F3E439B27FF95E2002D1B79 /* VulkanPipeline.hpp in Headers */,
			);
			runOnlyForDeploymentPostprocessing = 0;
		};
/* End PBXHeadersBuildPhase section */

/* Begin PBXNativeTarget section */
		4F7B17C7274848F7008892C2 /* IntervoxJNI */ = {
			isa = PBXNativeTarget;
			buildConfigurationList = 4F7B17CB274848F7008892C2 /* Build configuration list for PBXNativeTarget "IntervoxJNI" */;
			buildPhases = (
				4F7B17C4274848F7008892C2 /* Headers */,
				4F7B17C5274848F7008892C2 /* Sources */,
				4F7B17C6274848F7008892C2 /* Frameworks */,
			);
			buildRules = (
			);
			dependencies = (
			);
			name = IntervoxJNI;
			productName = IntervoxJNI;
			productReference = 4F7B17C8274848F7008892C2 /* libIntervox.dylib */;
			productType = "com.apple.product-type.library.dynamic";
		};
/* End PBXNativeTarget section */

/* Begin PBXProject section */
		4F5E1EAD272F1917004C6AA4 /* Project object */ = {
			isa = PBXProject;
			attributes = {
				BuildIndependentTargetsInParallel = 1;
				LastUpgradeCheck = 1310;
				TargetAttributes = {
					4F7B17C7274848F7008892C2 = {
						CreatedOnToolsVersion = 13.1;
					};
				};
			};
			buildConfigurationList = 4F5E1EB0272F1917004C6AA4 /* Build configuration list for PBXProject "IntervoxLib" */;
			compatibilityVersion = "Xcode 13.0";
			developmentRegion = en;
			hasScannedForEncodings = 0;
			knownRegions = (
				en,
				Base,
			);
			mainGroup = 4F5E1EAC272F1917004C6AA4;
			productRefGroup = 4F5E1EB6272F1917004C6AA4 /* Products */;
			projectDirPath = "";
			projectRoot = "";
			targets = (
				4F7B17C7274848F7008892C2 /* IntervoxJNI */,
			);
		};
/* End PBXProject section */

/* Begin PBXSourcesBuildPhase section */
		4F7B17C5274848F7008892C2 /* Sources */ = {
			isa = PBXSourcesBuildPhase;
			buildActionMask = 2147483647;
			files = (
				4F3E437D27FF9570002D1B79 /* VulkanDebug.cpp in Sources */,
				4F3E43DD27FF963E002D1B79 /* CMyError.cpp in Sources */,
				4F3E43CA27FF963E002D1B79 /* C3DPoint.cpp in Sources */,
				4F3E439327FF95E2002D1B79 /* VulkanMesh.cpp in Sources */,
				4F3E437A27FF9570002D1B79 /* VulkanDevice.cpp in Sources */,
				4F3E43E027FF963E002D1B79 /* CCubeMarcher.cpp in Sources */,
				4F3E436227FF9519002D1B79 /* JNICommon.cpp in Sources */,
				4F3E43E227FF963E002D1B79 /* CMySortedList.cpp in Sources */,
				4F3E439727FF95E2002D1B79 /* VulkanContext.cpp in Sources */,
				4F3E43CE27FF963E002D1B79 /* CSlicesSet.cpp in Sources */,
				4F3E438127FF9570002D1B79 /* VulkanBuffer.cpp in Sources */,
				4F3E435D27FF9519002D1B79 /* IntervoxHeadlessVulkan.cpp in Sources */,
				4F3E43D227FF963E002D1B79 /* CTriangle.cpp in Sources */,
				4F3E43BE27FF963E002D1B79 /* C3DFloatPoint.cpp in Sources */,
				4F3E43D727FF963E002D1B79 /* CJavaArrSlicesSet.cpp in Sources */,
				4F3E43C827FF963E002D1B79 /* CFacetLookup.cpp in Sources */,
				4F3E43DB27FF963E002D1B79 /* CTriangleList.cpp in Sources */,
				4F3E438627FF9570002D1B79 /* vulkanexamplebase.cpp in Sources */,
				4F3E438427FF9570002D1B79 /* VulkanTools.cpp in Sources */,
				4F3E436027FF9519002D1B79 /* GLMain.cpp in Sources */,
				4F3E43D927FF963E002D1B79 /* CVertexList.cpp in Sources */,
				4F3E43C227FF963E002D1B79 /* CTempMemPointer.cpp in Sources */,
				4F3E439527FF95E2002D1B79 /* VulkanMeshPipeline.cpp in Sources */,
				4F3E43D527FF963E002D1B79 /* CVertex.cpp in Sources */,
			);
			runOnlyForDeploymentPostprocessing = 0;
		};
/* End PBXSourcesBuildPhase section */

/* Begin XCBuildConfiguration section */
		4F5E1EBA272F1917004C6AA4 /* Debug */ = {
			isa = XCBuildConfiguration;
			buildSettings = {
				ALWAYS_SEARCH_USER_PATHS = NO;
				CLANG_ANALYZER_NONNULL = YES;
				CLANG_ANALYZER_NUMBER_OBJECT_CONVERSION = YES_AGGRESSIVE;
				CLANG_CXX_LANGUAGE_STANDARD = "gnu++17";
				CLANG_CXX_LIBRARY = "libc++";
				CLANG_ENABLE_MODULES = YES;
				CLANG_ENABLE_OBJC_ARC = YES;
				CLANG_ENABLE_OBJC_WEAK = YES;
				CLANG_WARN_BLOCK_CAPTURE_AUTORELEASING = YES;
				CLANG_WARN_BOOL_CONVERSION = YES;
				CLANG_WARN_COMMA = YES;
				CLANG_WARN_CONSTANT_CONVERSION = YES;
				CLANG_WARN_DEPRECATED_OBJC_IMPLEMENTATIONS = YES;
				CLANG_WARN_DIRECT_OBJC_ISA_USAGE = YES_ERROR;
				CLANG_WARN_DOCUMENTATION_COMMENTS = YES;
				CLANG_WARN_EMPTY_BODY = YES;
				CLANG_WARN_ENUM_CONVERSION = YES;
				CLANG_WARN_INFINITE_RECURSION = YES;
				CLANG_WARN_INT_CONVERSION = YES;
				CLANG_WARN_NON_LITERAL_NULL_CONVERSION = YES;
				CLANG_WARN_OBJC_IMPLICIT_RETAIN_SELF = YES;
				CLANG_WARN_OBJC_LITERAL_CONVERSION = YES;
				CLANG_WARN_OBJC_ROOT_CLASS = YES_ERROR;
				CLANG_WARN_QUOTED_INCLUDE_IN_FRAMEWORK_HEADER = YES;
				CLANG_WARN_RANGE_LOOP_ANALYSIS = YES;
				CLANG_WARN_STRICT_PROTOTYPES = YES;
				CLANG_WARN_SUSPICIOUS_MOVE = YES;
				CLANG_WARN_UNGUARDED_AVAILABILITY = YES_AGGRESSIVE;
				CLANG_WARN_UNREACHABLE_CODE = YES;
				CLANG_WARN__DUPLICATE_METHOD_MATCH = YES;
				COPY_PHASE_STRIP = NO;
				DEBUG_INFORMATION_FORMAT = dwarf;
				ENABLE_STRICT_OBJC_MSGSEND = YES;
				ENABLE_TESTABILITY = YES;
				GCC_C_LANGUAGE_STANDARD = gnu11;
				GCC_DYNAMIC_NO_PIC = NO;
				GCC_NO_COMMON_BLOCKS = YES;
				GCC_OPTIMIZATION_LEVEL = 0;
				GCC_PREPROCESSOR_DEFINITIONS = (
					"$(inherited)",
					"\"SPIRV_CROSS_NAMESPACE_OVERRIDE=spirv_cross\"",
					"\"ENABLE_OPT\"",
					"\"ENABLE_HLSL\"",
					"DEBUG=1",
					_DEBUG,
					"INTERVOX_LIB=1",
				);
				GCC_WARN_64_TO_32_BIT_CONVERSION = YES;
				GCC_WARN_ABOUT_RETURN_TYPE = YES_ERROR;
				GCC_WARN_UNDECLARED_SELECTOR = YES;
				GCC_WARN_UNINITIALIZED_AUTOS = YES_AGGRESSIVE;
				GCC_WARN_UNUSED_FUNCTION = YES;
				GCC_WARN_UNUSED_VARIABLE = YES;
				HEADER_SEARCH_PATHS = "";
				MACOSX_DEPLOYMENT_TARGET = 11.5;
				MTL_ENABLE_DEBUG_INFO = INCLUDE_SOURCE;
				MTL_FAST_MATH = YES;
				ONLY_ACTIVE_ARCH = YES;
				SDKROOT = macosx;
			};
			name = Debug;
		};
		4F5E1EBB272F1917004C6AA4 /* Release */ = {
			isa = XCBuildConfiguration;
			buildSettings = {
				ALWAYS_SEARCH_USER_PATHS = NO;
				CLANG_ANALYZER_NONNULL = YES;
				CLANG_ANALYZER_NUMBER_OBJECT_CONVERSION = YES_AGGRESSIVE;
				CLANG_CXX_LANGUAGE_STANDARD = "gnu++17";
				CLANG_CXX_LIBRARY = "libc++";
				CLANG_ENABLE_MODULES = YES;
				CLANG_ENABLE_OBJC_ARC = YES;
				CLANG_ENABLE_OBJC_WEAK = YES;
				CLANG_WARN_BLOCK_CAPTURE_AUTORELEASING = YES;
				CLANG_WARN_BOOL_CONVERSION = YES;
				CLANG_WARN_COMMA = YES;
				CLANG_WARN_CONSTANT_CONVERSION = YES;
				CLANG_WARN_DEPRECATED_OBJC_IMPLEMENTATIONS = YES;
				CLANG_WARN_DIRECT_OBJC_ISA_USAGE = YES_ERROR;
				CLANG_WARN_DOCUMENTATION_COMMENTS = YES;
				CLANG_WARN_EMPTY_BODY = YES;
				CLANG_WARN_ENUM_CONVERSION = YES;
				CLANG_WARN_INFINITE_RECURSION = YES;
				CLANG_WARN_INT_CONVERSION = YES;
				CLANG_WARN_NON_LITERAL_NULL_CONVERSION = YES;
				CLANG_WARN_OBJC_IMPLICIT_RETAIN_SELF = YES;
				CLANG_WARN_OBJC_LITERAL_CONVERSION = YES;
				CLANG_WARN_OBJC_ROOT_CLASS = YES_ERROR;
				CLANG_WARN_QUOTED_INCLUDE_IN_FRAMEWORK_HEADER = YES;
				CLANG_WARN_RANGE_LOOP_ANALYSIS = YES;
				CLANG_WARN_STRICT_PROTOTYPES = YES;
				CLANG_WARN_SUSPICIOUS_MOVE = YES;
				CLANG_WARN_UNGUARDED_AVAILABILITY = YES_AGGRESSIVE;
				CLANG_WARN_UNREACHABLE_CODE = YES;
				CLANG_WARN__DUPLICATE_METHOD_MATCH = YES;
				COPY_PHASE_STRIP = NO;
				DEBUG_INFORMATION_FORMAT = "dwarf-with-dsym";
				ENABLE_NS_ASSERTIONS = NO;
				ENABLE_STRICT_OBJC_MSGSEND = YES;
				GCC_C_LANGUAGE_STANDARD = gnu11;
				GCC_NO_COMMON_BLOCKS = YES;
				GCC_PREPROCESSOR_DEFINITIONS = "INTERVOX_LIB=1";
				GCC_WARN_64_TO_32_BIT_CONVERSION = YES;
				GCC_WARN_ABOUT_RETURN_TYPE = YES_ERROR;
				GCC_WARN_UNDECLARED_SELECTOR = YES;
				GCC_WARN_UNINITIALIZED_AUTOS = YES_AGGRESSIVE;
				GCC_WARN_UNUSED_FUNCTION = YES;
				GCC_WARN_UNUSED_VARIABLE = YES;
				HEADER_SEARCH_PATHS = "";
				MACOSX_DEPLOYMENT_TARGET = 11.5;
				MTL_ENABLE_DEBUG_INFO = NO;
				MTL_FAST_MATH = YES;
				SDKROOT = macosx;
			};
			name = Release;
		};
		4F7B17C9274848F7008892C2 /* Debug */ = {
			isa = XCBuildConfiguration;
			baseConfigurationReference = 4F3E435327FF9519002D1B79 /* headless_debug.xcconfig */;
			buildSettings = {
				CODE_SIGN_STYLE = Automatic;
				DEVELOPMENT_TEAM = C34867QWKL;
				DYLIB_COMPATIBILITY_VERSION = 1;
				DYLIB_CURRENT_VERSION = 1;
				EXECUTABLE_PREFIX = lib;
				GCC_PREPROCESSOR_DEFINITIONS = (
					"DEBUG=1",
					INTERVOX_JNI,
					"$(inherited)",
				);
				HEADER_SEARCH_PATHS = (
					"${PROJECT_DIR}",
					"$(inherited)",
				);
				LIBRARY_SEARCH_PATHS = (
					"\"/Users/stevenmeyer/Projects/vulkan/vulkan_git/Vulkan/xcode/MoltenVK/macOS\"",
					/Users/stevenmeyer/Projects/vulkan/vulkan_git/Vulkan/xcode/MoltenVK/macOS,
					"$(inherited)",
					/usr/local/lib,
				);
				OTHER_LDFLAGS = "-lvulkan";
				PRODUCT_NAME = Intervox;
				SKIP_INSTALL = YES;
				SYSTEM_HEADER_SEARCH_PATHS = (
					/usr/local/Cellar/openjdk/18.0.1.1/include,
					/usr/local/include,
					"$(inherited)",
				);
				USER_HEADER_SEARCH_PATHS = (
					"\"/Users/stevenmeyer/Projects/vulkan/vulkan_git/Vulkan/xcode/../base\"",
					"${ProjectDir}",
				);
			};
			name = Debug;
		};
		4F7B17CA274848F7008892C2 /* Release */ = {
			isa = XCBuildConfiguration;
			buildSettings = {
				CODE_SIGN_STYLE = Automatic;
				DEVELOPMENT_TEAM = C34867QWKL;
				DYLIB_COMPATIBILITY_VERSION = 1;
				DYLIB_CURRENT_VERSION = 1;
				EXECUTABLE_PREFIX = lib;
				HEADER_SEARCH_PATHS = (
					"${PROJECT_DIR}/IntervoxLib",
					"$(inherited)",
				);
				OTHER_LDFLAGS = "-lvulkan";
				PRODUCT_NAME = Intervox;
				SKIP_INSTALL = YES;
				SYSTEM_HEADER_SEARCH_PATHS = (
					/usr/local/Cellar/openjdk/18.0.1.1/include,
					/usr/local/include,
					"$(inherited)",
				);
			};
			name = Release;
		};
/* End XCBuildConfiguration section */

/* Begin XCConfigurationList section */
		4F5E1EB0272F1917004C6AA4 /* Build configuration list for PBXProject "IntervoxLib" */ = {
			isa = XCConfigurationList;
			buildConfigurations = (
				4F5E1EBA272F1917004C6AA4 /* Debug */,
				4F5E1EBB272F1917004C6AA4 /* Release */,
			);
			defaultConfigurationIsVisible = 0;
			defaultConfigurationName = Release;
		};
		4F7B17CB274848F7008892C2 /* Build configuration list for PBXNativeTarget "IntervoxJNI" */ = {
			isa = XCConfigurationList;
			buildConfigurations = (
				4F7B17C9274848F7008892C2 /* Debug */,
				4F7B17CA274848F7008892C2 /* Release */,
			);
			defaultConfigurationIsVisible = 0;
			defaultConfigurationName = Release;
		};
/* End XCConfigurationList section */
	};
	rootObject = 4F5E1EAD272F1917004C6AA4 /* Project object */;
}
